
Microsoft Visual Studio Solution File, Format Version 12.00
# Visual Studio 15
VisualStudioVersion = 15.0.28010.2046
MinimumVisualStudioVersion = 10.0.40219.1
Project("{FAE04EC0-301F-11D3-BF4B-00C04F79EFBC}") = "Samples.Git.Windows", "Samples.Git.Windows\Samples.Git.Windows.csproj", "{BC292E1F-0DB5-4AF6-8D78-8B4722D33A3E}"
EndProject
Global
	GlobalSection(SolutionConfigurationPlatforms) = preSolution
		Debug|Any CPU = Debug|Any CPU
		Release|Any CPU = Release|Any CPU
	EndGlobalSection
	GlobalSection(ProjectConfigurationPlatforms) = postSolution
		{BC292E1F-0DB5-4AF6-8D78-8B4722D33A3E}.Debug|Any CPU.ActiveCfg = Debug|Any CPU
		{BC292E1F-0DB5-4AF6-8D78-8B4722D33A3E}.Debug|Any CPU.Build.0 = Debug|Any CPU
		{BC292E1F-0DB5-4AF6-8D78-8B4722D33A3E}.Release|Any CPU.ActiveCfg = Release|Any CPU
		{BC292E1F-0DB5-4AF6-8D78-8B4722D33A3E}.Release|Any CPU.Build.0 = Release|Any CPU
	EndGlobalSection
	GlobalSection(SolutionProperties) = preSolution
		HideSolutionNode = FALSE
	EndGlobalSection
	GlobalSection(ExtensibilityGlobals) = postSolution
		SolutionGuid = {B20F5BD2-FDF4-42E9-A4D7-03F57884AD6D}
	EndGlobalSection
EndGlobal
